
Microsoft Visual Studio Solution File, Format Version 12.00
# Visual Studio Version 17
VisualStudioVersion = 17.11.35222.181
MinimumVisualStudioVersion = 10.0.40219.1
Project("{FAE04EC0-301F-11D3-BF4B-00C04F79EFBC}") = "ProductService", "vShop\ProductService.csproj", "{504A7CFF-C677-4905-884C-E8A0B7AAEDFF}"
EndProject
Global
	GlobalSection(SolutionConfigurationPlatforms) = preSolution
		Debug|Any CPU = Debug|Any CPU
		Release|Any CPU = Release|Any CPU
	EndGlobalSection
	GlobalSection(ProjectConfigurationPlatforms) = postSolution
		{504A7CFF-C677-4905-884C-E8A0B7AAEDFF}.Debug|Any CPU.ActiveCfg = Debug|Any CPU
		{504A7CFF-C677-4905-884C-E8A0B7AAEDFF}.Debug|Any CPU.Build.0 = Debug|Any CPU
		{504A7CFF-C677-4905-884C-E8A0B7AAEDFF}.Release|Any CPU.ActiveCfg = Release|Any CPU
		{504A7CFF-C677-4905-884C-E8A0B7AAEDFF}.Release|Any CPU.Build.0 = Release|Any CPU
	EndGlobalSection
	GlobalSection(SolutionProperties) = preSolution
		HideSolutionNode = FALSE
	EndGlobalSection
	GlobalSection(ExtensibilityGlobals) = postSolution
		SolutionGuid = {BBA7EE60-FFA0-4BD3-B080-7277EEF6497F}
	EndGlobalSection
EndGlobal
